// !$*UTF8*$!
{
	archiveVersion = 1;
	classes = {
	};
	objectVersion = 50;
	objects = {

/* Begin PBXBuildFile section */
		0DC751E125B968D300DFAE84 /* AppDelegate.swift in Sources */ = {isa = PBXBuildFile; fileRef = 0DC751E025B968D300DFAE84 /* AppDelegate.swift */; };
		0DC751E325B968D300DFAE84 /* SceneDelegate.swift in Sources */ = {isa = PBXBuildFile; fileRef = 0DC751E225B968D300DFAE84 /* SceneDelegate.swift */; };
		0DC751E525B968D300DFAE84 /* ContentView.swift in Sources */ = {isa = PBXBuildFile; fileRef = 0DC751E425B968D300DFAE84 /* ContentView.swift */; };
		0DC751E725B968D500DFAE84 /* Assets.xcassets in Resources */ = {isa = PBXBuildFile; fileRef = 0DC751E625B968D500DFAE84 /* Assets.xcassets */; };
		0DC751EA25B968D500DFAE84 /* Preview Assets.xcassets in Resources */ = {isa = PBXBuildFile; fileRef = 0DC751E925B968D500DFAE84 /* Preview Assets.xcassets */; };
		0DC751ED25B968D500DFAE84 /* LaunchScreen.storyboard in Resources */ = {isa = PBXBuildFile; fileRef = 0DC751EB25B968D500DFAE84 /* LaunchScreen.storyboard */; };
		0DC751F825B968D500DFAE84 /* GitHubActionsDemoTests.swift in Sources */ = {isa = PBXBuildFile; fileRef = 0DC751F725B968D500DFAE84 /* GitHubActionsDemoTests.swift */; };
		0DC7520325B968D500DFAE84 /* GitHubActionsDemoUITests.swift in Sources */ = {isa = PBXBuildFile; fileRef = 0DC7520225B968D500DFAE84 /* GitHubActionsDemoUITests.swift */; };
/* End PBXBuildFile section */

/* Begin PBXContainerItemProxy section */
		0DC751F425B968D500DFAE84 /* PBXContainerItemProxy */ = {
			isa = PBXContainerItemProxy;
			containerPortal = 0DC751D525B968D200DFAE84 /* Project object */;
			proxyType = 1;
			remoteGlobalIDString = 0DC751DC25B968D300DFAE84;
			remoteInfo = GitHubActionsDemo;
		};
		0DC751FF25B968D500DFAE84 /* PBXContainerItemProxy */ = {
			isa = PBXContainerItemProxy;
			containerPortal = 0DC751D525B968D200DFAE84 /* Project object */;
			proxyType = 1;
			remoteGlobalIDString = 0DC751DC25B968D300DFAE84;
			remoteInfo = GitHubActionsDemo;
		};
/* End PBXContainerItemProxy section */

/* Begin PBXFileReference section */
		0DC751DD25B968D300DFAE84 /* GitHubActionsDemo.app */ = {isa = PBXFileReference; explicitFileType = wrapper.application; includeInIndex = 0; path = GitHubActionsDemo.app; sourceTree = BUILT_PRODUCTS_DIR; };
		0DC751E025B968D300DFAE84 /* AppDelegate.swift */ = {isa = PBXFileReference; lastKnownFileType = sourcecode.swift; path = AppDelegate.swift; sourceTree = "<group>"; };
		0DC751E225B968D300DFAE84 /* SceneDelegate.swift */ = {isa = PBXFileReference; lastKnownFileType = sourcecode.swift; path = SceneDelegate.swift; sourceTree = "<group>"; };
		0DC751E425B968D300DFAE84 /* ContentView.swift */ = {isa = PBXFileReference; lastKnownFileType = sourcecode.swift; path = ContentView.swift; sourceTree = "<group>"; };
		0DC751E625B968D500DFAE84 /* Assets.xcassets */ = {isa = PBXFileReference; lastKnownFileType = folder.assetcatalog; path = Assets.xcassets; sourceTree = "<group>"; };
		0DC751E925B968D500DFAE84 /* Preview Assets.xcassets */ = {isa = PBXFileReference; lastKnownFileType = folder.assetcatalog; path = "Preview Assets.xcassets"; sourceTree = "<group>"; };
		0DC751EC25B968D500DFAE84 /* Base */ = {isa = PBXFileReference; lastKnownFileType = file.storyboard; name = Base; path = Base.lproj/LaunchScreen.storyboard; sourceTree = "<group>"; };
		0DC751EE25B968D500DFAE84 /* Info.plist */ = {isa = PBXFileReference; lastKnownFileType = text.plist.xml; path = Info.plist; sourceTree = "<group>"; };
		0DC751F325B968D500DFAE84 /* GitHubActionsDemoTests.xctest */ = {isa = PBXFileReference; explicitFileType = wrapper.cfbundle; includeInIndex = 0; path = GitHubActionsDemoTests.xctest; sourceTree = BUILT_PRODUCTS_DIR; };
		0DC751F725B968D500DFAE84 /* GitHubActionsDemoTests.swift */ = {isa = PBXFileReference; lastKnownFileType = sourcecode.swift; path = GitHubActionsDemoTests.swift; sourceTree = "<group>"; };
		0DC751F925B968D500DFAE84 /* Info.plist */ = {isa = PBXFileReference; lastKnownFileType = text.plist.xml; path = Info.plist; sourceTree = "<group>"; };
		0DC751FE25B968D500DFAE84 /* GitHubActionsDemoUITests.xctest */ = {isa = PBXFileReference; explicitFileType = wrapper.cfbundle; includeInIndex = 0; path = GitHubActionsDemoUITests.xctest; sourceTree = BUILT_PRODUCTS_DIR; };
		0DC7520225B968D500DFAE84 /* GitHubActionsDemoUITests.swift */ = {isa = PBXFileReference; lastKnownFileType = sourcecode.swift; path = GitHubActionsDemoUITests.swift; sourceTree = "<group>"; };
		0DC7520425B968D500DFAE84 /* Info.plist */ = {isa = PBXFileReference; lastKnownFileType = text.plist.xml; path = Info.plist; sourceTree = "<group>"; };
/* End PBXFileReference section */

/* Begin PBXFrameworksBuildPhase section */
		0DC751DA25B968D300DFAE84 /* Frameworks */ = {
			isa = PBXFrameworksBuildPhase;
			buildActionMask = 2147483647;
			files = (
			);
			runOnlyForDeploymentPostprocessing = 0;
		};
		0DC751F025B968D500DFAE84 /* Frameworks */ = {
			isa = PBXFrameworksBuildPhase;
			buildActionMask = 2147483647;
			files = (
			);
			runOnlyForDeploymentPostprocessing = 0;
		};
		0DC751FB25B968D500DFAE84 /* Frameworks */ = {
			isa = PBXFrameworksBuildPhase;
			buildActionMask = 2147483647;
			files = (
			);
			runOnlyForDeploymentPostprocessing = 0;
		};
/* End PBXFrameworksBuildPhase section */

/* Begin PBXGroup section */
		0DC751D425B968D200DFAE84 = {
			isa = PBXGroup;
			children = (
				0DC751DF25B968D300DFAE84 /* GitHubActionsDemo */,
				0DC751F625B968D500DFAE84 /* GitHubActionsDemoTests */,
				0DC7520125B968D500DFAE84 /* GitHubActionsDemoUITests */,
				0DC751DE25B968D300DFAE84 /* Products */,
			);
			sourceTree = "<group>";
		};
		0DC751DE25B968D300DFAE84 /* Products */ = {
			isa = PBXGroup;
			children = (
				0DC751DD25B968D300DFAE84 /* GitHubActionsDemo.app */,
				0DC751F325B968D500DFAE84 /* GitHubActionsDemoTests.xctest */,
				0DC751FE25B968D500DFAE84 /* GitHubActionsDemoUITests.xctest */,
			);
			name = Products;
			sourceTree = "<group>";
		};
		0DC751DF25B968D300DFAE84 /* GitHubActionsDemo */ = {
			isa = PBXGroup;
			children = (
				0DC751E025B968D300DFAE84 /* AppDelegate.swift */,
				0DC751E225B968D300DFAE84 /* SceneDelegate.swift */,
				0DC751E425B968D300DFAE84 /* ContentView.swift */,
				0DC751E625B968D500DFAE84 /* Assets.xcassets */,
				0DC751EB25B968D500DFAE84 /* LaunchScreen.storyboard */,
				0DC751EE25B968D500DFAE84 /* Info.plist */,
				0DC751E825B968D500DFAE84 /* Preview Content */,
			);
			path = GitHubActionsDemo;
			sourceTree = "<group>";
		};
		0DC751E825B968D500DFAE84 /* Preview Content */ = {
			isa = PBXGroup;
			children = (
				0DC751E925B968D500DFAE84 /* Preview Assets.xcassets */,
			);
			path = "Preview Content";
			sourceTree = "<group>";
		};
		0DC751F625B968D500DFAE84 /* GitHubActionsDemoTests */ = {
			isa = PBXGroup;
			children = (
				0DC751F725B968D500DFAE84 /* GitHubActionsDemoTests.swift */,
				0DC751F925B968D500DFAE84 /* Info.plist */,
			);
			path = GitHubActionsDemoTests;
			sourceTree = "<group>";
		};
		0DC7520125B968D500DFAE84 /* GitHubActionsDemoUITests */ = {
			isa = PBXGroup;
			children = (
				0DC7520225B968D500DFAE84 /* GitHubActionsDemoUITests.swift */,
				0DC7520425B968D500DFAE84 /* Info.plist */,
			);
			path = GitHubActionsDemoUITests;
			sourceTree = "<group>";
		};
/* End PBXGroup section */

/* Begin PBXNativeTarget section */
		0DC751DC25B968D300DFAE84 /* GitHubActionsDemo */ = {
			isa = PBXNativeTarget;
			buildConfigurationList = 0DC7520725B968D500DFAE84 /* Build configuration list for PBXNativeTarget "GitHubActionsDemo" */;
			buildPhases = (
				0DC751D925B968D300DFAE84 /* Sources */,
				0DC751DA25B968D300DFAE84 /* Frameworks */,
				0DC751DB25B968D300DFAE84 /* Resources */,
			);
			buildRules = (
			);
			dependencies = (
			);
			name = GitHubActionsDemo;
			productName = GitHubActionsDemo;
			productReference = 0DC751DD25B968D300DFAE84 /* GitHubActionsDemo.app */;
			productType = "com.apple.product-type.application";
		};
		0DC751F225B968D500DFAE84 /* GitHubActionsDemoTests */ = {
			isa = PBXNativeTarget;
			buildConfigurationList = 0DC7520A25B968D500DFAE84 /* Build configuration list for PBXNativeTarget "GitHubActionsDemoTests" */;
			buildPhases = (
				0DC751EF25B968D500DFAE84 /* Sources */,
				0DC751F025B968D500DFAE84 /* Frameworks */,
				0DC751F125B968D500DFAE84 /* Resources */,
			);
			buildRules = (
			);
			dependencies = (
				0DC751F525B968D500DFAE84 /* PBXTargetDependency */,
			);
			name = GitHubActionsDemoTests;
			productName = GitHubActionsDemoTests;
			productReference = 0DC751F325B968D500DFAE84 /* GitHubActionsDemoTests.xctest */;
			productType = "com.apple.product-type.bundle.unit-test";
		};
		0DC751FD25B968D500DFAE84 /* GitHubActionsDemoUITests */ = {
			isa = PBXNativeTarget;
			buildConfigurationList = 0DC7520D25B968D500DFAE84 /* Build configuration list for PBXNativeTarget "GitHubActionsDemoUITests" */;
			buildPhases = (
				0DC751FA25B968D500DFAE84 /* Sources */,
				0DC751FB25B968D500DFAE84 /* Frameworks */,
				0DC751FC25B968D500DFAE84 /* Resources */,
			);
			buildRules = (
			);
			dependencies = (
				0DC7520025B968D500DFAE84 /* PBXTargetDependency */,
			);
			name = GitHubActionsDemoUITests;
			productName = GitHubActionsDemoUITests;
			productReference = 0DC751FE25B968D500DFAE84 /* GitHubActionsDemoUITests.xctest */;
			productType = "com.apple.product-type.bundle.ui-testing";
		};
/* End PBXNativeTarget section */

/* Begin PBXProject section */
		0DC751D525B968D200DFAE84 /* Project object */ = {
			isa = PBXProject;
			attributes = {
				LastSwiftUpdateCheck = 1230;
				LastUpgradeCheck = 1230;
				TargetAttributes = {
					0DC751DC25B968D300DFAE84 = {
						CreatedOnToolsVersion = 12.3;
					};
					0DC751F225B968D500DFAE84 = {
						CreatedOnToolsVersion = 12.3;
						TestTargetID = 0DC751DC25B968D300DFAE84;
					};
					0DC751FD25B968D500DFAE84 = {
						CreatedOnToolsVersion = 12.3;
						TestTargetID = 0DC751DC25B968D300DFAE84;
					};
				};
			};
			buildConfigurationList = 0DC751D825B968D200DFAE84 /* Build configuration list for PBXProject "GitHubActionsDemo" */;
			compatibilityVersion = "Xcode 9.3";
			developmentRegion = en;
			hasScannedForEncodings = 0;
			knownRegions = (
				en,
				Base,
			);
			mainGroup = 0DC751D425B968D200DFAE84;
			productRefGroup = 0DC751DE25B968D300DFAE84 /* Products */;
			projectDirPath = "";
			projectRoot = "";
			targets = (
				0DC751DC25B968D300DFAE84 /* GitHubActionsDemo */,
				0DC751F225B968D500DFAE84 /* GitHubActionsDemoTests */,
				0DC751FD25B968D500DFAE84 /* GitHubActionsDemoUITests */,
			);
		};
/* End PBXProject section */

/* Begin PBXResourcesBuildPhase section */
		0DC751DB25B968D300DFAE84 /* Resources */ = {
			isa = PBXResourcesBuildPhase;
			buildActionMask = 2147483647;
			files = (
				0DC751ED25B968D500DFAE84 /* LaunchScreen.storyboard in Resources */,
				0DC751EA25B968D500DFAE84 /* Preview Assets.xcassets in Resources */,
				0DC751E725B968D500DFAE84 /* Assets.xcassets in Resources */,
			);
			runOnlyForDeploymentPostprocessing = 0;
		};
		0DC751F125B968D500DFAE84 /* Resources */ = {
			isa = PBXResourcesBuildPhase;
			buildActionMask = 2147483647;
			files = (
			);
			runOnlyForDeploymentPostprocessing = 0;
		};
		0DC751FC25B968D500DFAE84 /* Resources */ = {
			isa = PBXResourcesBuildPhase;
			buildActionMask = 2147483647;
			files = (
			);
			runOnlyForDeploymentPostprocessing = 0;
		};
/* End PBXResourcesBuildPhase section */

/* Begin PBXSourcesBuildPhase section */
		0DC751D925B968D300DFAE84 /* Sources */ = {
			isa = PBXSourcesBuildPhase;
			buildActionMask = 2147483647;
			files = (
				0DC751E125B968D300DFAE84 /* AppDelegate.swift in Sources */,
				0DC751E325B968D300DFAE84 /* SceneDelegate.swift in Sources */,
				0DC751E525B968D300DFAE84 /* ContentView.swift in Sources */,
			);
			runOnlyForDeploymentPostprocessing = 0;
		};
		0DC751EF25B968D500DFAE84 /* Sources */ = {
			isa = PBXSourcesBuildPhase;
			buildActionMask = 2147483647;
			files = (
				0DC751F825B968D500DFAE84 /* GitHubActionsDemoTests.swift in Sources */,
			);
			runOnlyForDeploymentPostprocessing = 0;
		};
		0DC751FA25B968D500DFAE84 /* Sources */ = {
			isa = PBXSourcesBuildPhase;
			buildActionMask = 2147483647;
			files = (
				0DC7520325B968D500DFAE84 /* GitHubActionsDemoUITests.swift in Sources */,
			);
			runOnlyForDeploymentPostprocessing = 0;
		};
/* End PBXSourcesBuildPhase section */

/* Begin PBXTargetDependency section */
		0DC751F525B968D500DFAE84 /* PBXTargetDependency */ = {
			isa = PBXTargetDependency;
			target = 0DC751DC25B968D300DFAE84 /* GitHubActionsDemo */;
			targetProxy = 0DC751F425B968D500DFAE84 /* PBXContainerItemProxy */;
		};
		0DC7520025B968D500DFAE84 /* PBXTargetDependency */ = {
			isa = PBXTargetDependency;
			target = 0DC751DC25B968D300DFAE84 /* GitHubActionsDemo */;
			targetProxy = 0DC751FF25B968D500DFAE84 /* PBXContainerItemProxy */;
		};
/* End PBXTargetDependency section */

/* Begin PBXVariantGroup section */
		0DC751EB25B968D500DFAE84 /* LaunchScreen.storyboard */ = {
			isa = PBXVariantGroup;
			children = (
				0DC751EC25B968D500DFAE84 /* Base */,
			);
			name = LaunchScreen.storyboard;
			sourceTree = "<group>";
		};
/* End PBXVariantGroup section */

/* Begin XCBuildConfiguration section */
		0DC7520525B968D500DFAE84 /* Debug */ = {
			isa = XCBuildConfiguration;
			buildSettings = {
				ALWAYS_SEARCH_USER_PATHS = NO;
				CLANG_ANALYZER_NONNULL = YES;
				CLANG_ANALYZER_NUMBER_OBJECT_CONVERSION = YES_AGGRESSIVE;
				CLANG_CXX_LANGUAGE_STANDARD = "gnu++14";
				CLANG_CXX_LIBRARY = "libc++";
				CLANG_ENABLE_MODULES = YES;
				CLANG_ENABLE_OBJC_ARC = YES;
				CLANG_ENABLE_OBJC_WEAK = YES;
				CLANG_WARN_BLOCK_CAPTURE_AUTORELEASING = YES;
				CLANG_WARN_BOOL_CONVERSION = YES;
				CLANG_WARN_COMMA = YES;
				CLANG_WARN_CONSTANT_CONVERSION = YES;
				CLANG_WARN_DEPRECATED_OBJC_IMPLEMENTATIONS = YES;
				CLANG_WARN_DIRECT_OBJC_ISA_USAGE = YES_ERROR;
				CLANG_WARN_DOCUMENTATION_COMMENTS = YES;
				CLANG_WARN_EMPTY_BODY = YES;
				CLANG_WARN_ENUM_CONVERSION = YES;
				CLANG_WARN_INFINITE_RECURSION = YES;
				CLANG_WARN_INT_CONVERSION = YES;
				CLANG_WARN_NON_LITERAL_NULL_CONVERSION = YES;
				CLANG_WARN_OBJC_IMPLICIT_RETAIN_SELF = YES;
				CLANG_WARN_OBJC_LITERAL_CONVERSION = YES;
				CLANG_WARN_OBJC_ROOT_CLASS = YES_ERROR;
				CLANG_WARN_QUOTED_INCLUDE_IN_FRAMEWORK_HEADER = YES;
				CLANG_WARN_RANGE_LOOP_ANALYSIS = YES;
				CLANG_WARN_STRICT_PROTOTYPES = YES;
				CLANG_WARN_SUSPICIOUS_MOVE = YES;
				CLANG_WARN_UNGUARDED_AVAILABILITY = YES_AGGRESSIVE;
				CLANG_WARN_UNREACHABLE_CODE = YES;
				CLANG_WARN__DUPLICATE_METHOD_MATCH = YES;
				COPY_PHASE_STRIP = NO;
				DEBUG_INFORMATION_FORMAT = dwarf;
				ENABLE_STRICT_OBJC_MSGSEND = YES;
				ENABLE_TESTABILITY = YES;
				GCC_C_LANGUAGE_STANDARD = gnu11;
				GCC_DYNAMIC_NO_PIC = NO;
				GCC_NO_COMMON_BLOCKS = YES;
				GCC_OPTIMIZATION_LEVEL = 0;
				GCC_PREPROCESSOR_DEFINITIONS = (
					"DEBUG=1",
					"$(inherited)",
				);
				GCC_WARN_64_TO_32_BIT_CONVERSION = YES;
				GCC_WARN_ABOUT_RETURN_TYPE = YES_ERROR;
				GCC_WARN_UNDECLARED_SELECTOR = YES;
				GCC_WARN_UNINITIALIZED_AUTOS = YES_AGGRESSIVE;
				GCC_WARN_UNUSED_FUNCTION = YES;
				GCC_WARN_UNUSED_VARIABLE = YES;
				IPHONEOS_DEPLOYMENT_TARGET = 14.3;
				MTL_ENABLE_DEBUG_INFO = INCLUDE_SOURCE;
				MTL_FAST_MATH = YES;
				ONLY_ACTIVE_ARCH = YES;
				SDKROOT = iphoneos;
				SWIFT_ACTIVE_COMPILATION_CONDITIONS = DEBUG;
				SWIFT_OPTIMIZATION_LEVEL = "-Onone";
			};
			name = Debug;
		};
		0DC7520625B968D500DFAE84 /* Release */ = {
			isa = XCBuildConfiguration;
			buildSettings = {
				ALWAYS_SEARCH_USER_PATHS = NO;
				CLANG_ANALYZER_NONNULL = YES;
				CLANG_ANALYZER_NUMBER_OBJECT_CONVERSION = YES_AGGRESSIVE;
				CLANG_CXX_LANGUAGE_STANDARD = "gnu++14";
				CLANG_CXX_LIBRARY = "libc++";
				CLANG_ENABLE_MODULES = YES;
				CLANG_ENABLE_OBJC_ARC = YES;
				CLANG_ENABLE_OBJC_WEAK = YES;
				CLANG_WARN_BLOCK_CAPTURE_AUTORELEASING = YES;
				CLANG_WARN_BOOL_CONVERSION = YES;
				CLANG_WARN_COMMA = YES;
				CLANG_WARN_CONSTANT_CONVERSION = YES;
				CLANG_WARN_DEPRECATED_OBJC_IMPLEMENTATIONS = YES;
				CLANG_WARN_DIRECT_OBJC_ISA_USAGE = YES_ERROR;
				CLANG_WARN_DOCUMENTATION_COMMENTS = YES;
				CLANG_WARN_EMPTY_BODY = YES;
				CLANG_WARN_ENUM_CONVERSION = YES;
				CLANG_WARN_INFINITE_RECURSION = YES;
				CLANG_WARN_INT_CONVERSION = YES;
				CLANG_WARN_NON_LITERAL_NULL_CONVERSION = YES;
				CLANG_WARN_OBJC_IMPLICIT_RETAIN_SELF = YES;
				CLANG_WARN_OBJC_LITERAL_CONVERSION = YES;
				CLANG_WARN_OBJC_ROOT_CLASS = YES_ERROR;
				CLANG_WARN_QUOTED_INCLUDE_IN_FRAMEWORK_HEADER = YES;
				CLANG_WARN_RANGE_LOOP_ANALYSIS = YES;
				CLANG_WARN_STRICT_PROTOTYPES = YES;
				CLANG_WARN_SUSPICIOUS_MOVE = YES;
				CLANG_WARN_UNGUARDED_AVAILABILITY = YES_AGGRESSIVE;
				CLANG_WARN_UNREACHABLE_CODE = YES;
				CLANG_WARN__DUPLICATE_METHOD_MATCH = YES;
				COPY_PHASE_STRIP = NO;
				DEBUG_INFORMATION_FORMAT = "dwarf-with-dsym";
				ENABLE_NS_ASSERTIONS = NO;
				ENABLE_STRICT_OBJC_MSGSEND = YES;
				GCC_C_LANGUAGE_STANDARD = gnu11;
				GCC_NO_COMMON_BLOCKS = YES;
				GCC_WARN_64_TO_32_BIT_CONVERSION = YES;
				GCC_WARN_ABOUT_RETURN_TYPE = YES_ERROR;
				GCC_WARN_UNDECLARED_SELECTOR = YES;
				GCC_WARN_UNINITIALIZED_AUTOS = YES_AGGRESSIVE;
				GCC_WARN_UNUSED_FUNCTION = YES;
				GCC_WARN_UNUSED_VARIABLE = YES;
				IPHONEOS_DEPLOYMENT_TARGET = 14.3;
				MTL_ENABLE_DEBUG_INFO = NO;
				MTL_FAST_MATH = YES;
				SDKROOT = iphoneos;
				SWIFT_COMPILATION_MODE = wholemodule;
				SWIFT_OPTIMIZATION_LEVEL = "-O";
				VALIDATE_PRODUCT = YES;
			};
			name = Release;
		};
		0DC7520825B968D500DFAE84 /* Debug */ = {
			isa = XCBuildConfiguration;
			buildSettings = {
				ASSETCATALOG_COMPILER_APPICON_NAME = AppIcon;
				ASSETCATALOG_COMPILER_GLOBAL_ACCENT_COLOR_NAME = AccentColor;
				CODE_SIGN_STYLE = Automatic;
				DEVELOPMENT_ASSET_PATHS = "\"GitHubActionsDemo/Preview Content\"";
				DEVELOPMENT_TEAM = TG4J37B2H7;
				ENABLE_PREVIEWS = YES;
				INFOPLIST_FILE = GitHubActionsDemo/Info.plist;
				LD_RUNPATH_SEARCH_PATHS = (
					"$(inherited)",
					"@executable_path/Frameworks",
				);
				PRODUCT_BUNDLE_IDENTIFIER = com.double.GitHubActionsDemo;
				PRODUCT_NAME = "$(TARGET_NAME)";
				SWIFT_VERSION = 5.0;
				TARGETED_DEVICE_FAMILY = "1,2";
			};
			name = Debug;
		};
		0DC7520925B968D500DFAE84 /* Release */ = {
			isa = XCBuildConfiguration;
			buildSettings = {
				ASSETCATALOG_COMPILER_APPICON_NAME = AppIcon;
				ASSETCATALOG_COMPILER_GLOBAL_ACCENT_COLOR_NAME = AccentColor;
				CODE_SIGN_STYLE = Automatic;
				DEVELOPMENT_ASSET_PATHS = "\"GitHubActionsDemo/Preview Content\"";
				DEVELOPMENT_TEAM = TG4J37B2H7;
				ENABLE_PREVIEWS = YES;
				INFOPLIST_FILE = GitHubActionsDemo/Info.plist;
				LD_RUNPATH_SEARCH_PATHS = (
					"$(inherited)",
					"@executable_path/Frameworks",
				);
				PRODUCT_BUNDLE_IDENTIFIER = com.double.GitHubActionsDemo;
				PRODUCT_NAME = "$(TARGET_NAME)";
				SWIFT_VERSION = 5.0;
				TARGETED_DEVICE_FAMILY = "1,2";
			};
			name = Release;
		};
		0DC7520B25B968D500DFAE84 /* Debug */ = {
			isa = XCBuildConfiguration;
			buildSettings = {
				ALWAYS_EMBED_SWIFT_STANDARD_LIBRARIES = YES;
				BUNDLE_LOADER = "$(TEST_HOST)";
				CODE_SIGN_STYLE = Automatic;
				DEVELOPMENT_TEAM = TG4J37B2H7;
				INFOPLIST_FILE = GitHubActionsDemoTests/Info.plist;
				IPHONEOS_DEPLOYMENT_TARGET = 14.3;
				LD_RUNPATH_SEARCH_PATHS = (
					"$(inherited)",
					"@executable_path/Frameworks",
					"@loader_path/Frameworks",
				);
				PRODUCT_BUNDLE_IDENTIFIER = com.double.GitHubActionsDemoTests;
				PRODUCT_NAME = "$(TARGET_NAME)";
				SWIFT_VERSION = 5.0;
				TARGETED_DEVICE_FAMILY = "1,2";
				TEST_HOST = "$(BUILT_PRODUCTS_DIR)/GitHubActionsDemo.app/GitHubActionsDemo";
			};
			name = Debug;
		};
		0DC7520C25B968D500DFAE84 /* Release */ = {
			isa = XCBuildConfiguration;
			buildSettings = {
				ALWAYS_EMBED_SWIFT_STANDARD_LIBRARIES = YES;
				BUNDLE_LOADER = "$(TEST_HOST)";
				CODE_SIGN_STYLE = Automatic;
				DEVELOPMENT_TEAM = TG4J37B2H7;
				INFOPLIST_FILE = GitHubActionsDemoTests/Info.plist;
				IPHONEOS_DEPLOYMENT_TARGET = 14.3;
				LD_RUNPATH_SEARCH_PATHS = (
					"$(inherited)",
					"@executable_path/Frameworks",
					"@loader_path/Frameworks",
				);
				PRODUCT_BUNDLE_IDENTIFIER = com.double.GitHubActionsDemoTests;
				PRODUCT_NAME = "$(TARGET_NAME)";
				SWIFT_VERSION = 5.0;
				TARGETED_DEVICE_FAMILY = "1,2";
				TEST_HOST = "$(BUILT_PRODUCTS_DIR)/GitHubActionsDemo.app/GitHubActionsDemo";
			};
			name = Release;
		};
		0DC7520E25B968D500DFAE84 /* Debug */ = {
			isa = XCBuildConfiguration;
			buildSettings = {
				ALWAYS_EMBED_SWIFT_STANDARD_LIBRARIES = YES;
				CODE_SIGN_STYLE = Automatic;
				DEVELOPMENT_TEAM = TG4J37B2H7;
				INFOPLIST_FILE = GitHubActionsDemoUITests/Info.plist;
				LD_RUNPATH_SEARCH_PATHS = (
					"$(inherited)",
					"@executable_path/Frameworks",
					"@loader_path/Frameworks",
				);
				PRODUCT_BUNDLE_IDENTIFIER = com.double.GitHubActionsDemoUITests;
				PRODUCT_NAME = "$(TARGET_NAME)";
				SWIFT_VERSION = 5.0;
				TARGETED_DEVICE_FAMILY = "1,2";
				TEST_TARGET_NAME = GitHubActionsDemo;
			};
			name = Debug;
		};
		0DC7520F25B968D500DFAE84 /* Release */ = {
			isa = XCBuildConfiguration;
			buildSettings = {
				ALWAYS_EMBED_SWIFT_STANDARD_LIBRARIES = YES;
				CODE_SIGN_STYLE = Automatic;
				DEVELOPMENT_TEAM = TG4J37B2H7;
				INFOPLIST_FILE = GitHubActionsDemoUITests/Info.plist;
				LD_RUNPATH_SEARCH_PATHS = (
					"$(inherited)",
					"@executable_path/Frameworks",
					"@loader_path/Frameworks",
				);
				PRODUCT_BUNDLE_IDENTIFIER = com.double.GitHubActionsDemoUITests;
				PRODUCT_NAME = "$(TARGET_NAME)";
				SWIFT_VERSION = 5.0;
				TARGETED_DEVICE_FAMILY = "1,2";
				TEST_TARGET_NAME = GitHubActionsDemo;
			};
			name = Release;
		};
/* End XCBuildConfiguration section */

/* Begin XCConfigurationList section */
		0DC751D825B968D200DFAE84 /* Build configuration list for PBXProject "GitHubActionsDemo" */ = {
			isa = XCConfigurationList;
			buildConfigurations = (
				0DC7520525B968D500DFAE84 /* Debug */,
				0DC7520625B968D500DFAE84 /* Release */,
			);
			defaultConfigurationIsVisible = 0;
			defaultConfigurationName = Release;
		};
		0DC7520725B968D500DFAE84 /* Build configuration list for PBXNativeTarget "GitHubActionsDemo" */ = {
			isa = XCConfigurationList;
			buildConfigurations = (
				0DC7520825B968D500DFAE84 /* Debug */,
				0DC7520925B968D500DFAE84 /* Release */,
			);
			defaultConfigurationIsVisible = 0;
			defaultConfigurationName = Release;
		};
		0DC7520A25B968D500DFAE84 /* Build configuration list for PBXNativeTarget "GitHubActionsDemoTests" */ = {
			isa = XCConfigurationList;
			buildConfigurations = (
				0DC7520B25B968D500DFAE84 /* Debug */,
				0DC7520C25B968D500DFAE84 /* Release */,
			);
			defaultConfigurationIsVisible = 0;
			defaultConfigurationName = Release;
		};
		0DC7520D25B968D500DFAE84 /* Build configuration list for PBXNativeTarget "GitHubActionsDemoUITests" */ = {
			isa = XCConfigurationList;
			buildConfigurations = (
				0DC7520E25B968D500DFAE84 /* Debug */,
				0DC7520F25B968D500DFAE84 /* Release */,
			);
			defaultConfigurationIsVisible = 0;
			defaultConfigurationName = Release;
		};
/* End XCConfigurationList section */
	};
	rootObject = 0DC751D525B968D200DFAE84 /* Project object */;
}
